
Microsoft Visual Studio Solution File, Format Version 12.00
# Visual Studio 15
Project("{FAE04EC0-301F-11D3-BF4B-00C04F79EFBC}") = "NakamaRuntime", "NakamaRuntime.csproj", "{B18BDC64-0AA1-1C0C-3B86-A8C63B566751}"
EndProject
Project("{FAE04EC0-301F-11D3-BF4B-00C04F79EFBC}") = "Assembly-CSharp", "Assembly-CSharp.csproj", "{832CCC42-A016-E40A-53EF-8335CE2349C6}"
EndProject
Project("{FAE04EC0-301F-11D3-BF4B-00C04F79EFBC}") = "AppleAuth", "AppleAuth.csproj", "{EEF96110-1DD8-6169-1BB5-B2662DFDFAB6}"
EndProject
Project("{FAE04EC0-301F-11D3-BF4B-00C04F79EFBC}") = "Assembly-CSharp-Editor", "Assembly-CSharp-Editor.csproj", "{5FBE42A2-31FA-2A73-B451-3A7F08B6E6F4}"
EndProject
Project("{FAE04EC0-301F-11D3-BF4B-00C04F79EFBC}") = "AppsFlyer", "AppsFlyer.csproj", "{9AC78904-4952-F63E-21FA-D7F8FF341BFF}"
EndProject
Project("{FAE04EC0-301F-11D3-BF4B-00C04F79EFBC}") = "NakamaEditor", "NakamaEditor.csproj", "{BC8E2ADE-04DA-6EA7-3F0A-4CDF62D3E0C7}"
EndProject
Project("{FAE04EC0-301F-11D3-BF4B-00C04F79EFBC}") = "OneSignal.UnityPackage.Editor", "OneSignal.UnityPackage.Editor.csproj", "{B41F72CF-F3D8-DFA4-4A92-2FFDF3DB983A}"
EndProject
Project("{FAE04EC0-301F-11D3-BF4B-00C04F79EFBC}") = "NativeGallery.Editor", "NativeGallery.Editor.csproj", "{1742B9BD-47C4-FD12-BC4E-6844EAB9C04C}"
EndProject
Project("{FAE04EC0-301F-11D3-BF4B-00C04F79EFBC}") = "NativeGallery.Runtime", "NativeGallery.Runtime.csproj", "{461BFD0C-2502-6AB2-57BD-5758BB92CC88}"
EndProject
Project("{FAE04EC0-301F-11D3-BF4B-00C04F79EFBC}") = "OneSignal.UnityPackage.Attribution", "OneSignal.UnityPackage.Attribution.csproj", "{E68912E3-3535-38FF-8804-BA0A67AEB4F1}"
EndProject
Project("{FAE04EC0-301F-11D3-BF4B-00C04F79EFBC}") = "Tests", "Tests.csproj", "{2082AEC5-F7B1-C6B3-2B52-AB971EA38420}"
EndProject
Project("{FAE04EC0-301F-11D3-BF4B-00C04F79EFBC}") = "AppsFlyer.Editor", "AppsFlyer.Editor.csproj", "{1BAFA533-9661-A2EE-7788-24762D9C264E}"
EndProject
Project("{FAE04EC0-301F-11D3-BF4B-00C04F79EFBC}") = "OneSignal.UnityPackage.Example", "OneSignal.UnityPackage.Example.csproj", "{2F574E13-3F9C-EFAD-F437-07D1750EB42E}"
EndProject
Project("{FAE04EC0-301F-11D3-BF4B-00C04F79EFBC}") = "AppleAuth.Editor", "AppleAuth.Editor.csproj", "{AEE6CB31-30EE-2B26-7F2C-C5A10038E1D9}"
EndProject
Global
	GlobalSection(SolutionConfigurationPlatforms) = preSolution
		Debug|Any CPU = Debug|Any CPU
		Release|Any CPU = Release|Any CPU
	EndGlobalSection
	GlobalSection(ProjectConfigurationPlatforms) = postSolution
		{B18BDC64-0AA1-1C0C-3B86-A8C63B566751}.Debug|Any CPU.ActiveCfg = Debug|Any CPU
		{B18BDC64-0AA1-1C0C-3B86-A8C63B566751}.Debug|Any CPU.Build.0 = Debug|Any CPU
		{B18BDC64-0AA1-1C0C-3B86-A8C63B566751}.Release|Any CPU.ActiveCfg = Release|Any CPU
		{B18BDC64-0AA1-1C0C-3B86-A8C63B566751}.Release|Any CPU.Build.0 = Release|Any CPU
		{832CCC42-A016-E40A-53EF-8335CE2349C6}.Debug|Any CPU.ActiveCfg = Debug|Any CPU
		{832CCC42-A016-E40A-53EF-8335CE2349C6}.Debug|Any CPU.Build.0 = Debug|Any CPU
		{832CCC42-A016-E40A-53EF-8335CE2349C6}.Release|Any CPU.ActiveCfg = Release|Any CPU
		{832CCC42-A016-E40A-53EF-8335CE2349C6}.Release|Any CPU.Build.0 = Release|Any CPU
		{EEF96110-1DD8-6169-1BB5-B2662DFDFAB6}.Debug|Any CPU.ActiveCfg = Debug|Any CPU
		{EEF96110-1DD8-6169-1BB5-B2662DFDFAB6}.Debug|Any CPU.Build.0 = Debug|Any CPU
		{EEF96110-1DD8-6169-1BB5-B2662DFDFAB6}.Release|Any CPU.ActiveCfg = Release|Any CPU
		{EEF96110-1DD8-6169-1BB5-B2662DFDFAB6}.Release|Any CPU.Build.0 = Release|Any CPU
		{5FBE42A2-31FA-2A73-B451-3A7F08B6E6F4}.Debug|Any CPU.ActiveCfg = Debug|Any CPU
		{5FBE42A2-31FA-2A73-B451-3A7F08B6E6F4}.Debug|Any CPU.Build.0 = Debug|Any CPU
		{5FBE42A2-31FA-2A73-B451-3A7F08B6E6F4}.Release|Any CPU.ActiveCfg = Release|Any CPU
		{5FBE42A2-31FA-2A73-B451-3A7F08B6E6F4}.Release|Any CPU.Build.0 = Release|Any CPU
		{9AC78904-4952-F63E-21FA-D7F8FF341BFF}.Debug|Any CPU.ActiveCfg = Debug|Any CPU
		{9AC78904-4952-F63E-21FA-D7F8FF341BFF}.Debug|Any CPU.Build.0 = Debug|Any CPU
		{9AC78904-4952-F63E-21FA-D7F8FF341BFF}.Release|Any CPU.ActiveCfg = Release|Any CPU
		{9AC78904-4952-F63E-21FA-D7F8FF341BFF}.Release|Any CPU.Build.0 = Release|Any CPU
		{BC8E2ADE-04DA-6EA7-3F0A-4CDF62D3E0C7}.Debug|Any CPU.ActiveCfg = Debug|Any CPU
		{BC8E2ADE-04DA-6EA7-3F0A-4CDF62D3E0C7}.Debug|Any CPU.Build.0 = Debug|Any CPU
		{BC8E2ADE-04DA-6EA7-3F0A-4CDF62D3E0C7}.Release|Any CPU.ActiveCfg = Release|Any CPU
		{BC8E2ADE-04DA-6EA7-3F0A-4CDF62D3E0C7}.Release|Any CPU.Build.0 = Release|Any CPU
		{B41F72CF-F3D8-DFA4-4A92-2FFDF3DB983A}.Debug|Any CPU.ActiveCfg = Debug|Any CPU
		{B41F72CF-F3D8-DFA4-4A92-2FFDF3DB983A}.Debug|Any CPU.Build.0 = Debug|Any CPU
		{B41F72CF-F3D8-DFA4-4A92-2FFDF3DB983A}.Release|Any CPU.ActiveCfg = Release|Any CPU
		{B41F72CF-F3D8-DFA4-4A92-2FFDF3DB983A}.Release|Any CPU.Build.0 = Release|Any CPU
		{1742B9BD-47C4-FD12-BC4E-6844EAB9C04C}.Debug|Any CPU.ActiveCfg = Debug|Any CPU
		{1742B9BD-47C4-FD12-BC4E-6844EAB9C04C}.Debug|Any CPU.Build.0 = Debug|Any CPU
		{1742B9BD-47C4-FD12-BC4E-6844EAB9C04C}.Release|Any CPU.ActiveCfg = Release|Any CPU
		{1742B9BD-47C4-FD12-BC4E-6844EAB9C04C}.Release|Any CPU.Build.0 = Release|Any CPU
		{461BFD0C-2502-6AB2-57BD-5758BB92CC88}.Debug|Any CPU.ActiveCfg = Debug|Any CPU
		{461BFD0C-2502-6AB2-57BD-5758BB92CC88}.Debug|Any CPU.Build.0 = Debug|Any CPU
		{461BFD0C-2502-6AB2-57BD-5758BB92CC88}.Release|Any CPU.ActiveCfg = Release|Any CPU
		{461BFD0C-2502-6AB2-57BD-5758BB92CC88}.Release|Any CPU.Build.0 = Release|Any CPU
		{E68912E3-3535-38FF-8804-BA0A67AEB4F1}.Debug|Any CPU.ActiveCfg = Debug|Any CPU
		{E68912E3-3535-38FF-8804-BA0A67AEB4F1}.Debug|Any CPU.Build.0 = Debug|Any CPU
		{E68912E3-3535-38FF-8804-BA0A67AEB4F1}.Release|Any CPU.ActiveCfg = Release|Any CPU
		{E68912E3-3535-38FF-8804-BA0A67AEB4F1}.Release|Any CPU.Build.0 = Release|Any CPU
		{2082AEC5-F7B1-C6B3-2B52-AB971EA38420}.Debug|Any CPU.ActiveCfg = Debug|Any CPU
		{2082AEC5-F7B1-C6B3-2B52-AB971EA38420}.Debug|Any CPU.Build.0 = Debug|Any CPU
		{2082AEC5-F7B1-C6B3-2B52-AB971EA38420}.Release|Any CPU.ActiveCfg = Release|Any CPU
		{2082AEC5-F7B1-C6B3-2B52-AB971EA38420}.Release|Any CPU.Build.0 = Release|Any CPU
		{1BAFA533-9661-A2EE-7788-24762D9C264E}.Debug|Any CPU.ActiveCfg = Debug|Any CPU
		{1BAFA533-9661-A2EE-7788-24762D9C264E}.Debug|Any CPU.Build.0 = Debug|Any CPU
		{1BAFA533-9661-A2EE-7788-24762D9C264E}.Release|Any CPU.ActiveCfg = Release|Any CPU
		{1BAFA533-9661-A2EE-7788-24762D9C264E}.Release|Any CPU.Build.0 = Release|Any CPU
		{2F574E13-3F9C-EFAD-F437-07D1750EB42E}.Debug|Any CPU.ActiveCfg = Debug|Any CPU
		{2F574E13-3F9C-EFAD-F437-07D1750EB42E}.Debug|Any CPU.Build.0 = Debug|Any CPU
		{2F574E13-3F9C-EFAD-F437-07D1750EB42E}.Release|Any CPU.ActiveCfg = Release|Any CPU
		{2F574E13-3F9C-EFAD-F437-07D1750EB42E}.Release|Any CPU.Build.0 = Release|Any CPU
		{AEE6CB31-30EE-2B26-7F2C-C5A10038E1D9}.Debug|Any CPU.ActiveCfg = Debug|Any CPU
		{AEE6CB31-30EE-2B26-7F2C-C5A10038E1D9}.Debug|Any CPU.Build.0 = Debug|Any CPU
		{AEE6CB31-30EE-2B26-7F2C-C5A10038E1D9}.Release|Any CPU.ActiveCfg = Release|Any CPU
		{AEE6CB31-30EE-2B26-7F2C-C5A10038E1D9}.Release|Any CPU.Build.0 = Release|Any CPU
	EndGlobalSection
	GlobalSection(SolutionProperties) = preSolution
		HideSolutionNode = FALSE
	EndGlobalSection
EndGlobal
